version = 1
revision = 3
requires-python = "==3.13.*"

[[package]]
name = "aiofiles"
version = "25.1.0"
source = { registry = "https://pypi.org/simple" }
sdist = { url = "https://files.pythonhosted.org/packages/41/c3/534eac40372d8ee36ef40df62ec129bee4fdb5ad9706e58a29be53b2c970/aiofiles-25.1.0.tar.gz", hash = "sha256:a8d728f0a29de45dc521f18f07297428d56992a742f0cd2701ba86e44d23d5b2", size = 46354, upload-time = "2025-10-09T20:51:04.358Z" }
wheels = [
    { url = "https://files.pythonhosted.org/packages/bc/8a/340a1555ae33d7354dbca4faa54948d76d89a27ceef032c8c3bc661d003e/aiofiles-25.1.0-py3-none-any.whl", hash = "sha256:abe311e527c862958650f9438e859c1fa7568a141b22abcd015e120e86a85695", size = 14668, upload-time = "2025-10-09T20:51:03.174Z" },
]

[[package]]
name = "html5tagger"
version = "2.0.0"
source = { registry = "https://pypi.org/simple" }
sdist = { url = "https://files.pythonhosted.org/packages/7c/f2/1f61d4a121c5b37018bbd1d4cd010dce42f5b519c7552acd5fac1289635e/html5tagger-2.0.0.tar.gz", hash = "sha256:0dee3c9054443930e9a3225edcc810b6df76c0aeabfee463e9437a90a1ac1624", size = 15383, upload-time = "2026-07-10T01:52:04.747Z" }
wheels = [
    { url = "https://files.pythonhosted.org/packages/41/d7/410f7b8109958405f6fb3d104f094e2a96f9d5b2670de73a68fb1fbc391f/html5tagger-2.0.0-py3-none-any.whl", hash = "sha256:c7a46fa74c81fdbd33b7e4a9630f4d592ec818181fc58702585e9bad0b76f891", size = 17783, upload-time = "2026-07-10T01:52:03.532Z" },
]

[[package]]
name = "httptools"
version = "0.8.0"
source = { registry = "https://pypi.org/simple" }
sdist = { url = "https://files.pythonhosted.org/packages/43/e5/d471fcb0e14523fe1c3f4ba58ca52480e7bd70ad7109a3846bc75892f7fb/httptools-0.8.0.tar.gz", hash = "sha256:6b2a32f18d97e16e90827d7a819ffa8dbd8cc245fc4e1fa9d1095b54ef4bd999", size = 271342, upload-time = "2026-05-25T22:17:48.841Z" }
wheels = [
    { url = "https://files.pythonhosted.org/packages/5e/e5/8cfcabc5546e8022f168be28bcdaa128a240a0befdd03b59d558b4f18bd6/httptools-0.8.0-cp313-cp313-macosx_10_13_universal2.whl", hash = "sha256:614ceea8ea606848bece2338ac03b3ce5324bcb4be8dc7d377ed708012fa4db8", size = 205148, upload-time = "2026-05-25T22:17:16.333Z" },
    { url = "https://files.pythonhosted.org/packages/2a/0e/0fb14848c19a686c8062ff9067c1a48793e3224b47bc5b201535b6036fce/httptools-0.8.0-cp313-cp313-macosx_11_0_arm64.whl", hash = "sha256:2d689918c15a013c65ef52d9fd495d766893ab831a2c8d89f2ac5940a5df847c", size = 111368, upload-time = "2026-05-25T22:17:17.586Z" },
    { url = "https://files.pythonhosted.org/packages/2e/1b/46f1cecf06b9bbde8e4b8c88034ac7908989e5ff7a3a388ef38392949c1f/httptools-0.8.0-cp313-cp313-manylinux1_x86_64.manylinux_2_28_x86_64.manylinux_2_5_x86_64.whl", hash = "sha256:eb3028cca2fc0a6d720e52ef61d8ebb62fcbfeb1de56874546d858d3f25a26b7", size = 486447, upload-time = "2026-05-25T22:17:18.564Z" },
    { url = "https://files.pythonhosted.org/packages/77/00/258bfc0837221f81d9725c45f9b948a6a6b2994a147a4fb66e85100c668f/httptools-0.8.0-cp313-cp313-manylinux2014_aarch64.manylinux_2_17_aarch64.manylinux_2_28_aarch64.whl", hash = "sha256:88bdd940f2b5d487b4d032c6afa5489a7dc4694410d43de3c38c4fb3af0dc45d", size = 482448, upload-time = "2026-05-25T22:17:19.912Z" },
    { url = "https://files.pythonhosted.org/packages/04/ab/d1cef3b5523f4d272a70f42a776c3169a2dddfe3a54de4b2ce4a36341528/httptools-0.8.0-cp313-cp313-musllinux_1_2_aarch64.whl", hash = "sha256:6a43c9dd399758ccc0531acb0a3c4a6c299ee893ee9400e9c893b7bdcfae0681", size = 464460, upload-time = "2026-05-25T22:17:20.882Z" },
    { url = "https://files.pythonhosted.org/packages/ce/48/5d1d072442277bb2b3434e0e60690b8e8c23840ef7de8b6ea54040a536d3/httptools-0.8.0-cp313-cp313-musllinux_1_2_x86_64.whl", hash = "sha256:0770728beb05094c809b98e814edff5fef69d26ad7d21185f2f6d5884a0ba683", size = 471312, upload-time = "2026-05-25T22:17:22.085Z" },
    { url = "https://files.pythonhosted.org/packages/0d/66/b96623b27e51a68199ef4efdda0613cced9233fe3062ac74e50749c5ad37/httptools-0.8.0-cp313-cp313-win_amd64.whl", hash = "sha256:7685df791fad561384bfb139e77fde27a1ffd93134e016f95a0db424ffbf77b1", size = 90117, upload-time = "2026-05-25T22:17:23.074Z" },
]

[[package]]
name = "multidict"
version = "6.7.1"
source = { registry = "https://pypi.org/simple" }
sdist = { url = "https://files.pythonhosted.org/packages/1a/c2/c2d94cbe6ac1753f3fc980da97b3d930efe1da3af3c9f5125354436c073d/multidict-6.7.1.tar.gz", hash = "sha256:ec6652a1bee61c53a3e5776b6049172c53b6aaba34f18c9ad04f82712bac623d", size = 102010, upload-time = "2026-01-26T02:46:45.979Z" }
wheels = [
    { url = "https://files.pythonhosted.org/packages/f2/22/929c141d6c0dba87d3e1d38fbdf1ba8baba86b7776469f2bc2d3227a1e67/multidict-6.7.1-cp313-cp313-macosx_10_13_universal2.whl", hash = "sha256:2b41f5fed0ed563624f1c17630cb9941cf2309d4df00e494b551b5f3e3d67a23", size = 76174, upload-time = "2026-01-26T02:44:18.509Z" },
    { url = "https://files.pythonhosted.org/packages/c7/75/bc704ae15fee974f8fccd871305e254754167dce5f9e42d88a2def741a1d/multidict-6.7.1-cp313-cp313-macosx_10_13_x86_64.whl", hash = "sha256:84e61e3af5463c19b67ced91f6c634effb89ef8bfc5ca0267f954451ed4bb6a2", size = 45116, upload-time = "2026-01-26T02:44:19.745Z" },
    { url = "https://files.pythonhosted.org/packages/79/76/55cd7186f498ed080a18440c9013011eb548f77ae1b297206d030eb1180a/multidict-6.7.1-cp313-cp313-macosx_11_0_arm64.whl", hash = "sha256:935434b9853c7c112eee7ac891bc4cb86455aa631269ae35442cb316790c1445", size = 43524, upload-time = "2026-01-26T02:44:21.571Z" },
    { url = "https://files.pythonhosted.org/packages/e9/3c/414842ef8d5a1628d68edee29ba0e5bcf235dbfb3ccd3ea303a7fe8c72ff/multidict-6.7.1-cp313-cp313-manylinux1_i686.manylinux_2_28_i686.manylinux_2_5_i686.whl", hash = "sha256:432feb25a1cb67fe82a9680b4d65fb542e4635cb3166cd9c01560651ad60f177", size = 249368, upload-time = "2026-01-26T02:44:22.803Z" },
    { url = "https://files.pythonhosted.org/packages/f6/32/befed7f74c458b4a525e60519fe8d87eef72bb1e99924fa2b0f9d97a221e/multidict-6.7.1-cp313-cp313-manylinux2014_aarch64.manylinux_2_17_aarch64.manylinux_2_28_aarch64.whl", hash = "sha256:e82d14e3c948952a1a85503817e038cba5905a3352de76b9a465075d072fba23", size = 256952, upload-time = "2026-01-26T02:44:24.306Z" },
    { url = "https://files.pythonhosted.org/packages/03/d6/c878a44ba877f366630c860fdf74bfb203c33778f12b6ac274936853c451/multidict-6.7.1-cp313-cp313-manylinux2014_armv7l.manylinux_2_17_armv7l.manylinux_2_31_armv7l.whl", hash = "sha256:4cfb48c6ea66c83bcaaf7e4dfa7ec1b6bbcf751b7db85a328902796dfde4c060", size = 240317, upload-time = "2026-01-26T02:44:25.772Z" },
    { url = "https://files.pythonhosted.org/packages/68/49/57421b4d7ad2e9e60e25922b08ceb37e077b90444bde6ead629095327a6f/multidict-6.7.1-cp313-cp313-manylinux2014_ppc64le.manylinux_2_17_ppc64le.manylinux_2_28_ppc64le.whl", hash = "sha256:1d540e51b7e8e170174555edecddbd5538105443754539193e3e1061864d444d", size = 267132, upload-time = "2026-01-26T02:44:27.648Z" },
    { url = "https://files.pythonhosted.org/packages/b7/fe/ec0edd52ddbcea2a2e89e174f0206444a61440b40f39704e64dc807a70bd/multidict-6.7.1-cp313-cp313-manylinux2014_s390x.manylinux_2_17_s390x.manylinux_2_28_s390x.whl", hash = "sha256:273d23f4b40f3dce4d6c8a821c741a86dec62cded82e1175ba3d99be128147ed", size = 268140, upload-time = "2026-01-26T02:44:29.588Z" },
    { url = "https://files.pythonhosted.org/packages/b0/73/6e1b01cbeb458807aa0831742232dbdd1fa92bfa33f52a3f176b4ff3dc11/multidict-6.7.1-cp313-cp313-manylinux2014_x86_64.manylinux_2_17_x86_64.manylinux_2_28_x86_64.whl", hash = "sha256:9d624335fd4fa1c08a53f8b4be7676ebde19cd092b3895c421045ca87895b429", size = 254277, upload-time = "2026-01-26T02:44:30.902Z" },
    { url = "https://files.pythonhosted.org/packages/6a/b2/5fb8c124d7561a4974c342bc8c778b471ebbeb3cc17df696f034a7e9afe7/multidict-6.7.1-cp313-cp313-musllinux_1_2_aarch64.whl", hash = "sha256:12fad252f8b267cc75b66e8fc51b3079604e8d43a75428ffe193cd9e2195dfd6", size = 252291, upload-time = "2026-01-26T02:44:32.31Z" },
    { url = "https://files.pythonhosted.org/packages/5a/96/51d4e4e06bcce92577fcd488e22600bd38e4fd59c20cb49434d054903bd2/multidict-6.7.1-cp313-cp313-musllinux_1_2_armv7l.whl", hash = "sha256:03ede2a6ffbe8ef936b92cb4529f27f42be7f56afcdab5ab739cd5f27fb1cbf9", size = 250156, upload-time = "2026-01-26T02:44:33.734Z" },
    { url = "https://files.pythonhosted.org/packages/db/6b/420e173eec5fba721a50e2a9f89eda89d9c98fded1124f8d5c675f7a0c0f/multidict-6.7.1-cp313-cp313-musllinux_1_2_i686.whl", hash = "sha256:90efbcf47dbe33dcf643a1e400d67d59abeac5db07dc3f27d6bdeae497a2198c", size = 249742, upload-time = "2026-01-26T02:44:35.222Z" },
    { url = "https://files.pythonhosted.org/packages/44/a3/ec5b5bd98f306bc2aa297b8c6f11a46714a56b1e6ef5ebda50a4f5d7c5fb/multidict-6.7.1-cp313-cp313-musllinux_1_2_ppc64le.whl", hash = "sha256:5c4b9bfc148f5a91be9244d6264c53035c8a0dcd2f51f1c3c6e30e30ebaa1c84", size = 262221, upload-time = "2026-01-26T02:44:36.604Z" },
    { url = "https://files.pythonhosted.org/packages/cd/f7/e8c0d0da0cd1e28d10e624604e1a36bcc3353aaebdfdc3a43c72bc683a12/multidict-6.7.1-cp313-cp313-musllinux_1_2_s390x.whl", hash = "sha256:401c5a650f3add2472d1d288c26deebc540f99e2fb83e9525007a74cd2116f1d", size = 258664, upload-time = "2026-01-26T02:44:38.008Z" },
    { url = "https://files.pythonhosted.org/packages/52/da/151a44e8016dd33feed44f730bd856a66257c1ee7aed4f44b649fb7edeb3/multidict-6.7.1-cp313-cp313-musllinux_1_2_x86_64.whl", hash = "sha256:97891f3b1b3ffbded884e2916cacf3c6fc87b66bb0dde46f7357404750559f33", size = 249490, upload-time = "2026-01-26T02:44:39.386Z" },
    { url = "https://files.pythonhosted.org/packages/87/af/a3b86bf9630b732897f6fc3f4c4714b90aa4361983ccbdcd6c0339b21b0c/multidict-6.7.1-cp313-cp313-win32.whl", hash = "sha256:e1c5988359516095535c4301af38d8a8838534158f649c05dd1050222321bcb3", size = 41695, upload-time = "2026-01-26T02:44:41.318Z" },
    { url = "https://files.pythonhosted.org/packages/b2/35/e994121b0e90e46134673422dd564623f93304614f5d11886b1b3e06f503/multidict-6.7.1-cp313-cp313-win_amd64.whl", hash = "sha256:960c83bf01a95b12b08fd54324a4eb1d5b52c88932b5cba5d6e712bb3ed12eb5", size = 45884, upload-time = "2026-01-26T02:44:42.488Z" },
    { url = "https://files.pythonhosted.org/packages/ca/61/42d3e5dbf661242a69c97ea363f2d7b46c567da8eadef8890022be6e2ab0/multidict-6.7.1-cp313-cp313-win_arm64.whl", hash = "sha256:563fe25c678aaba333d5399408f5ec3c383ca5b663e7f774dd179a520b8144df", size = 43122, upload-time = "2026-01-26T02:44:43.664Z" },
    { url = "https://files.pythonhosted.org/packages/6d/b3/e6b21c6c4f314bb956016b0b3ef2162590a529b84cb831c257519e7fde44/multidict-6.7.1-cp313-cp313t-macosx_10_13_universal2.whl", hash = "sha256:c76c4bec1538375dad9d452d246ca5368ad6e1c9039dadcf007ae59c70619ea1", size = 83175, upload-time = "2026-01-26T02:44:44.894Z" },
    { url = "https://files.pythonhosted.org/packages/fb/76/23ecd2abfe0957b234f6c960f4ade497f55f2c16aeb684d4ecdbf1c95791/multidict-6.7.1-cp313-cp313t-macosx_10_13_x86_64.whl", hash = "sha256:57b46b24b5d5ebcc978da4ec23a819a9402b4228b8a90d9c656422b4bdd8a963", size = 48460, upload-time = "2026-01-26T02:44:46.106Z" },
    { url = "https://files.pythonhosted.org/packages/c4/57/a0ed92b23f3a042c36bc4227b72b97eca803f5f1801c1ab77c8a212d455e/multidict-6.7.1-cp313-cp313t-macosx_11_0_arm64.whl", hash = "sha256:e954b24433c768ce78ab7929e84ccf3422e46deb45a4dc9f93438f8217fa2d34", size = 46930, upload-time = "2026-01-26T02:44:47.278Z" },
    { url = "https://files.pythonhosted.org/packages/b5/66/02ec7ace29162e447f6382c495dc95826bf931d3818799bbef11e8f7df1a/multidict-6.7.1-cp313-cp313t-manylinux1_i686.manylinux_2_28_i686.manylinux_2_5_i686.whl", hash = "sha256:3bd231490fa7217cc832528e1cd8752a96f0125ddd2b5749390f7c3ec8721b65", size = 242582, upload-time = "2026-01-26T02:44:48.604Z" },
    { url = "https://files.pythonhosted.org/packages/58/18/64f5a795e7677670e872673aca234162514696274597b3708b2c0d276cce/multidict-6.7.1-cp313-cp313t-manylinux2014_aarch64.manylinux_2_17_aarch64.manylinux_2_28_aarch64.whl", hash = "sha256:253282d70d67885a15c8a7716f3a73edf2d635793ceda8173b9ecc21f2fb8292", size = 250031, upload-time = "2026-01-26T02:44:50.544Z" },
    { url = "https://files.pythonhosted.org/packages/c8/ed/e192291dbbe51a8290c5686f482084d31bcd9d09af24f63358c3d42fd284/multidict-6.7.1-cp313-cp313t-manylinux2014_armv7l.manylinux_2_17_armv7l.manylinux_2_31_armv7l.whl", hash = "sha256:0b4c48648d7649c9335cf1927a8b87fa692de3dcb15faa676c6a6f1f1aabda43", size = 228596, upload-time = "2026-01-26T02:44:51.951Z" },
    { url = "https://files.pythonhosted.org/packages/1e/7e/3562a15a60cf747397e7f2180b0a11dc0c38d9175a650e75fa1b4d325e15/multidict-6.7.1-cp313-cp313t-manylinux2014_ppc64le.manylinux_2_17_ppc64le.manylinux_2_28_ppc64le.whl", hash = "sha256:98bc624954ec4d2c7cb074b8eefc2b5d0ce7d482e410df446414355d158fe4ca", size = 257492, upload-time = "2026-01-26T02:44:53.902Z" },
    { url = "https://files.pythonhosted.org/packages/24/02/7d0f9eae92b5249bb50ac1595b295f10e263dd0078ebb55115c31e0eaccd/multidict-6.7.1-cp313-cp313t-manylinux2014_s390x.manylinux_2_17_s390x.manylinux_2_28_s390x.whl", hash = "sha256:1b99af4d9eec0b49927b4402bcbb58dea89d3e0db8806a4086117019939ad3dd", size = 255899, upload-time = "2026-01-26T02:44:55.316Z" },
    { url = "https://files.pythonhosted.org/packages/00/e3/9b60ed9e23e64c73a5cde95269ef1330678e9c6e34dd4eb6b431b85b5a10/multidict-6.7.1-cp313-cp313t-manylinux2014_x86_64.manylinux_2_17_x86_64.manylinux_2_28_x86_64.whl", hash = "sha256:6aac4f16b472d5b7dc6f66a0d49dd57b0e0902090be16594dc9ebfd3d17c47e7", size = 247970, upload-time = "2026-01-26T02:44:56.783Z" },
    { url = "https://files.pythonhosted.org/packages/3e/06/538e58a63ed5cfb0bd4517e346b91da32fde409d839720f664e9a4ae4f9d/multidict-6.7.1-cp313-cp313t-musllinux_1_2_aarch64.whl", hash = "sha256:21f830fe223215dffd51f538e78c172ed7c7f60c9b96a2bf05c4848ad49921c3", size = 245060, upload-time = "2026-01-26T02:44:58.195Z" },
    { url = "https://files.pythonhosted.org/packages/b2/2f/d743a3045a97c895d401e9bd29aaa09b94f5cbdf1bd561609e5a6c431c70/multidict-6.7.1-cp313-cp313t-musllinux_1_2_armv7l.whl", hash = "sha256:f5dd81c45b05518b9aa4da4aa74e1c93d715efa234fd3e8a179df611cc85e5f4", size = 235888, upload-time = "2026-01-26T02:44:59.57Z" },
    { url = "https://files.pythonhosted.org/packages/38/83/5a325cac191ab28b63c52f14f1131f3b0a55ba3b9aa65a6d0bf2a9b921a0/multidict-6.7.1-cp313-cp313t-musllinux_1_2_i686.whl", hash = "sha256:eb304767bca2bb92fb9c5bd33cedc95baee5bb5f6c88e63706533a1c06ad08c8", size = 243554, upload-time = "2026-01-26T02:45:01.054Z" },
    { url = "https://files.pythonhosted.org/packages/20/1f/9d2327086bd15da2725ef6aae624208e2ef828ed99892b17f60c344e57ed/multidict-6.7.1-cp313-cp313t-musllinux_1_2_ppc64le.whl", hash = "sha256:c9035dde0f916702850ef66460bc4239d89d08df4d02023a5926e7446724212c", size = 252341, upload-time = "2026-01-26T02:45:02.484Z" },
    { url = "https://files.pythonhosted.org/packages/e8/2c/2a1aa0280cf579d0f6eed8ee5211c4f1730bd7e06c636ba2ee6aafda302e/multidict-6.7.1-cp313-cp313t-musllinux_1_2_s390x.whl", hash = "sha256:af959b9beeb66c822380f222f0e0a1889331597e81f1ded7f374f3ecb0fd6c52", size = 246391, upload-time = "2026-01-26T02:45:03.862Z" },
    { url = "https://files.pythonhosted.org/packages/e5/03/7ca022ffc36c5a3f6e03b179a5ceb829be9da5783e6fe395f347c0794680/multidict-6.7.1-cp313-cp313t-musllinux_1_2_x86_64.whl", hash = "sha256:41f2952231456154ee479651491e94118229844dd7226541788be783be2b5108", size = 243422, upload-time = "2026-01-26T02:45:05.296Z" },
    { url = "https://files.pythonhosted.org/packages/dc/1d/b31650eab6c5778aceed46ba735bd97f7c7d2f54b319fa916c0f96e7805b/multidict-6.7.1-cp313-cp313t-win32.whl", hash = "sha256:df9f19c28adcb40b6aae30bbaa1478c389efd50c28d541d76760199fc1037c32", size = 47770, upload-time = "2026-01-26T02:45:06.754Z" },
    { url = "https://files.pythonhosted.org/packages/ac/5b/2d2d1d522e51285bd61b1e20df8f47ae1a9d80839db0b24ea783b3832832/multidict-6.7.1-cp313-cp313t-win_amd64.whl", hash = "sha256:d54ecf9f301853f2c5e802da559604b3e95bb7a3b01a9c295c6ee591b9882de8", size = 53109, upload-time = "2026-01-26T02:45:08.044Z" },
    { url = "https://files.pythonhosted.org/packages/3d/a3/cc409ba012c83ca024a308516703cf339bdc4b696195644a7215a5164a24/multidict-6.7.1-cp313-cp313t-win_arm64.whl", hash = "sha256:5a37ca18e360377cfda1d62f5f382ff41f2b8c4ccb329ed974cc2e1643440118", size = 45573, upload-time = "2026-01-26T02:45:09.349Z" },
    { url = "https://files.pythonhosted.org/packages/81/08/7036c080d7117f28a4af526d794aab6a84463126db031b007717c1a6676e/multidict-6.7.1-py3-none-any.whl", hash = "sha256:55d97cc6dae627efa6a6e548885712d4864b81110ac76fa4e534c03819fa4a56", size = 12319, upload-time = "2026-01-26T02:46:44.004Z" },
]

[[package]]
name = "sanic"
version = "25.12.1"
source = { registry = "https://pypi.org/simple" }
dependencies = [
    { name = "aiofiles" },
    { name = "html5tagger" },
    { name = "httptools" },
    { name = "multidict" },
    { name = "sanic-routing" },
    { name = "setuptools" },
    { name = "tracerite" },
    { name = "typing-extensions" },
    { name = "ujson", marker = "implementation_name == 'cpython' and sys_platform != 'win32'" },
    { name = "uvloop", marker = "implementation_name == 'cpython' and sys_platform != 'win32'" },
    { name = "websockets" },
]
sdist = { url = "https://files.pythonhosted.org/packages/27/e2/a902611ef48d0cf942093ad297d079f76ec46133a7dc8d1181aa1ab94bd2/sanic-25.12.1.tar.gz", hash = "sha256:7b51bf608e4030f06a6c002cd08fed2872e4936527e63c9a8a97d5cd06a2b47f", size = 375519, upload-time = "2026-05-31T19:45:46.988Z" }
wheels = [
    { url = "https://files.pythonhosted.org/packages/9e/91/5ecd9a91374a7b2831cf183357ceeb609fdfc8b390adb5cac90a261fe1f8/sanic-25.12.1-py3-none-any.whl", hash = "sha256:3874f1fe0442e3b12ce4a3f6524f676d5d3c43839c6a4967d1b82fd8db53c0f3", size = 258466, upload-time = "2026-05-31T19:45:45.27Z" },
]

[[package]]
name = "sanic-routing"
version = "23.12.0"
source = { registry = "https://pypi.org/simple" }
sdist = { url = "https://files.pythonhosted.org/packages/d1/5c/2a7edd14fbccca3719a8d680951d4b25f986752c781c61ccf156a6d1ebff/sanic-routing-23.12.0.tar.gz", hash = "sha256:1dcadc62c443e48c852392dba03603f9862b6197fc4cba5bbefeb1ace0848b04", size = 29473, upload-time = "2023-12-31T09:28:36.992Z" }
wheels = [
    { url = "https://files.pythonhosted.org/packages/cf/e3/3425c9a8773807ac2c01d6a56c8521733f09b627e5827e733c5cd36b9ac5/sanic_routing-23.12.0-py3-none-any.whl", hash = "sha256:1558a72afcb9046ed3134a5edae02fc1552cff08f0fff2e8d5de0877ea43ed73", size = 25522, upload-time = "2023-12-31T09:28:35.233Z" },
]

[[package]]
name = "score-api"
version = "1.0.0"
source = { virtual = "." }
dependencies = [
    { name = "sanic" },
]

[package.metadata]
requires-dist = [{ name = "sanic", specifier = "==25.12.1" }]

[[package]]
name = "setuptools"
version = "84.0.0"
source = { registry = "https://pypi.org/simple" }
sdist = { url = "https://files.pythonhosted.org/packages/6d/44/f5da03a8ef95d369145c5bb53050e7877c9f3d312e128605fd9504829143/setuptools-84.0.0.tar.gz", hash = "sha256:f4695c21257f0d9b537ec2692c941d02ee143b7cc1276941349a546573b2ef73", size = 1168449, upload-time = "2026-08-08T18:27:58.365Z" }
wheels = [
    { url = "https://files.pythonhosted.org/packages/95/9c/c510029fc6ef33a6275cd2c5d3cecd6613dfd6aa401d57c54f1c18852ccf/setuptools-84.0.0-py3-none-any.whl", hash = "sha256:51a52592b3b99e102b609654876bd65f19f999935166d1352678931132b0c670", size = 818216, upload-time = "2026-08-08T18:27:56.719Z" },
]

[[package]]
name = "tracerite"
version = "2.6.5"
source = { registry = "https://pypi.org/simple" }
dependencies = [
    { name = "html5tagger" },
]
sdist = { url = "https://files.pythonhosted.org/packages/91/8a/457a65a29a28cb6f64158746a065c314c4748d7664338bd529529845d940/tracerite-2.6.5.tar.gz", hash = "sha256:e9ee648cf556aa7dbf0298c822a58ce33f9658b927db900fab72f1742146b695", size = 105982, upload-time = "2026-08-18T03:53:48.084Z" }
wheels = [
    { url = "https://files.pythonhosted.org/packages/7b/73/510b204e9543645031656e42b3e12b70ebc692facf0293700348ee27a35b/tracerite-2.6.5-py3-none-any.whl", hash = "sha256:0de23ea33cede6a905448bf0bd5fa869c4d950d06a3595693eebe55e44070f15", size = 112440, upload-time = "2026-08-18T03:53:47.073Z" },
]

[[package]]
name = "typing-extensions"
version = "4.16.0"
source = { registry = "https://pypi.org/simple" }
sdist = { url = "https://files.pythonhosted.org/packages/f6/cc/6253133b5bb138fc3306cebfbda2c520f545d36b5be2c7255cc528bb45d6/typing_extensions-4.16.0.tar.gz", hash = "sha256:dc983d19a509c94dba722ee6abd33940f7c05a89e243c47e907eb4db6f1a43e5", size = 113555, upload-time = "2026-07-02T08:40:05.92Z" }
wheels = [
    { url = "https://files.pythonhosted.org/packages/49/d3/b8441a820a491ddfc024b0b0cf0393375b75ea13866d9c66727e54c2fc80/typing_extensions-4.16.0-py3-none-any.whl", hash = "sha256:481caa481374e813c1b176ada14e97f1f67a4539ce9cfeb3f350d78d6370c2e8", size = 45571, upload-time = "2026-07-02T08:40:04.659Z" },
]

[[package]]
name = "ujson"
version = "5.13.0"
source = { registry = "https://pypi.org/simple" }
sdist = { url = "https://files.pythonhosted.org/packages/89/7a/c8bb37c8f6f3623d60c33d15d18cd6d6655d0f9c3eb31a9969f76361b199/ujson-5.13.0.tar.gz", hash = "sha256:d62e3d7625384c08082abad81a077af587fdef2761bb14c3822f4234b8d07d75", size = 7166784, upload-time = "2026-06-14T22:36:50.209Z" }
wheels = [
    { url = "https://files.pythonhosted.org/packages/a7/f1/fe8a467d8ff5821e076b96f398d3acfe3cd568d900e6ccb41b215592b152/ujson-5.13.0-cp313-cp313-macosx_10_13_x86_64.whl", hash = "sha256:46998fc8d11aec34a20e2010905e7059732a3d192d9a3c3fe4f9ffd146c87ec8", size = 56746, upload-time = "2026-06-14T22:35:43.398Z" },
    { url = "https://files.pythonhosted.org/packages/6a/c0/c7ab82d6471dfa7e4fd68ae6ff2c6a50d077c05d6ecdea0cec8af635b2c4/ujson-5.13.0-cp313-cp313-macosx_11_0_arm64.whl", hash = "sha256:ee03ce288ba25b05cf0de87203165642277a25caa4f00a437e13152e5214e310", size = 54388, upload-time = "2026-06-14T22:35:44.586Z" },
    { url = "https://files.pythonhosted.org/packages/10/e6/4e9e998d991ff88bbc93b21daa63bba2baa61c6f952dbcec937cf7304ebe/ujson-5.13.0-cp313-cp313-manylinux1_i686.manylinux2014_i686.manylinux_2_17_i686.manylinux_2_5_i686.whl", hash = "sha256:cdf33b588a81b05d0b585c66f83050c49cb670623424d10e4d1ad37ba2f7eed9", size = 60051, upload-time = "2026-06-14T22:35:45.567Z" },
    { url = "https://files.pythonhosted.org/packages/9c/11/876dff43f05417a01c6119f0fa10e01f1226631c5927ef08f56876b2bb67/ujson-5.13.0-cp313-cp313-manylinux2014_aarch64.manylinux_2_17_aarch64.whl", hash = "sha256:4cabd73c114ce93c21d7db2e2d8e16217fd8a5b2b3ec754629eebef5c262d47f", size = 53438, upload-time = "2026-06-14T22:35:46.623Z" },
    { url = "https://files.pythonhosted.org/packages/09/02/f9dbf6c3e46d700eb1d9ed637567221a06eeb1ec289633be992ef54d7a34/ujson-5.13.0-cp313-cp313-manylinux2014_x86_64.manylinux_2_17_x86_64.whl", hash = "sha256:ffc61fc756a64f4d169a78cc638d769e3c324f45fc51997626abf4e5e5dd6460", size = 55060, upload-time = "2026-06-14T22:35:47.647Z" },
    { url = "https://files.pythonhosted.org/packages/bc/3d/7e49a70265a1e5ed1b5e8edd5f54d57ae41e2134faeae9b16f6f5a0eae20/ujson-5.13.0-cp313-cp313-manylinux_2_24_aarch64.manylinux_2_28_aarch64.whl", hash = "sha256:2c00323c13a35822c9a67a26c0b2a0787510bf1ef490922b58009b362d1a3e21", size = 58189, upload-time = "2026-06-14T22:35:48.617Z" },
    { url = "https://files.pythonhosted.org/packages/66/34/b64278f67e19052f09810576c7e50b3da8d4f5218b226046324d4d5c24b4/ujson-5.13.0-cp313-cp313-manylinux_2_24_x86_64.manylinux_2_28_x86_64.whl", hash = "sha256:496e662a6b46d5f936d77fb68259cece19213bb2301ddd520dbd75ac7c90c5f4", size = 57941, upload-time = "2026-06-14T22:35:49.674Z" },
    { url = "https://files.pythonhosted.org/packages/a9/8c/51513357a5c75bf3e5bae46accfdb3e6e6f5caeb72ca8b253ec45ba853fb/ujson-5.13.0-cp313-cp313-musllinux_1_2_aarch64.whl", hash = "sha256:7fd41b86444df14f8b4b7afaaa9f27bacfbf8c18380872317aeab6cd125dcede", size = 1037688, upload-time = "2026-06-14T22:35:50.699Z" },
    { url = "https://files.pythonhosted.org/packages/54/5a/dc6afe071d6b977390d2dc41e15800a2716f317988dd03187cffe7b4d624/ujson-5.13.0-cp313-cp313-musllinux_1_2_i686.whl", hash = "sha256:bf3c2c4ea55d4187903fcdc689a9bf5b0fc72d8c0eaff39db18c1f337c8832c1", size = 1197141, upload-time = "2026-06-14T22:35:52.052Z" },
    { url = "https://files.pythonhosted.org/packages/50/23/b473d101412c68527cb502a8728f96ab307aa7bfa75d6ea2037e2c7f74e8/ujson-5.13.0-cp313-cp313-musllinux_1_2_x86_64.whl", hash = "sha256:b6eca7751d61045a9b1e7f9a8c97ac24b164f085b60bef1c4668654bb2338011", size = 1090235, upload-time = "2026-06-14T22:35:53.589Z" },
]

[[package]]
name = "uvloop"
version = "0.22.1"
source = { registry = "https://pypi.org/simple" }
sdist = { url = "https://files.pythonhosted.org/packages/06/f0/18d39dbd1971d6d62c4629cc7fa67f74821b0dc1f5a77af43719de7936a7/uvloop-0.22.1.tar.gz", hash = "sha256:6c84bae345b9147082b17371e3dd5d42775bddce91f885499017f4607fdaf39f", size = 2443250, upload-time = "2025-10-16T22:17:19.342Z" }
wheels = [
    { url = "https://files.pythonhosted.org/packages/89/8c/182a2a593195bfd39842ea68ebc084e20c850806117213f5a299dfc513d9/uvloop-0.22.1-cp313-cp313-macosx_10_13_universal2.whl", hash = "sha256:561577354eb94200d75aca23fbde86ee11be36b00e52a4eaf8f50fb0c86b7705", size = 1358611, upload-time = "2025-10-16T22:16:36.833Z" },
    { url = "https://files.pythonhosted.org/packages/d2/14/e301ee96a6dc95224b6f1162cd3312f6d1217be3907b79173b06785f2fe7/uvloop-0.22.1-cp313-cp313-macosx_10_13_x86_64.whl", hash = "sha256:1cdf5192ab3e674ca26da2eada35b288d2fa49fdd0f357a19f0e7c4e7d5077c8", size = 751811, upload-time = "2025-10-16T22:16:38.275Z" },
    { url = "https://files.pythonhosted.org/packages/b7/02/654426ce265ac19e2980bfd9ea6590ca96a56f10c76e63801a2df01c0486/uvloop-0.22.1-cp313-cp313-manylinux2014_aarch64.manylinux_2_17_aarch64.manylinux_2_28_aarch64.whl", hash = "sha256:6e2ea3d6190a2968f4a14a23019d3b16870dd2190cd69c8180f7c632d21de68d", size = 4288562, upload-time = "2025-10-16T22:16:39.375Z" },
    { url = "https://files.pythonhosted.org/packages/15/c0/0be24758891ef825f2065cd5db8741aaddabe3e248ee6acc5e8a80f04005/uvloop-0.22.1-cp313-cp313-manylinux2014_x86_64.manylinux_2_17_x86_64.manylinux_2_28_x86_64.whl", hash = "sha256:0530a5fbad9c9e4ee3f2b33b148c6a64d47bbad8000ea63704fa8260f4cf728e", size = 4366890, upload-time = "2025-10-16T22:16:40.547Z" },
    { url = "https://files.pythonhosted.org/packages/d2/53/8369e5219a5855869bcee5f4d317f6da0e2c669aecf0ef7d371e3d084449/uvloop-0.22.1-cp313-cp313-musllinux_1_2_aarch64.whl", hash = "sha256:bc5ef13bbc10b5335792360623cc378d52d7e62c2de64660616478c32cd0598e", size = 4119472, upload-time = "2025-10-16T22:16:41.694Z" },
    { url = "https://files.pythonhosted.org/packages/f8/ba/d69adbe699b768f6b29a5eec7b47dd610bd17a69de51b251126a801369ea/uvloop-0.22.1-cp313-cp313-musllinux_1_2_x86_64.whl", hash = "sha256:1f38ec5e3f18c8a10ded09742f7fb8de0108796eb673f30ce7762ce1b8550cad", size = 4239051, upload-time = "2025-10-16T22:16:43.224Z" },
]

[[package]]
name = "websockets"
version = "17.1"
source = { registry = "https://pypi.org/simple" }
sdist = { url = "https://files.pythonhosted.org/packages/18/72/fba934cb3dff7a85d811820efffcd141ddd52b5a2a01637f64551373ff4d/websockets-17.1.tar.gz", hash = "sha256:acfea4c20bf54384883ea33b1240fc1db4f52e190823a4e2b334bc3e8bfca96a", size = 187520, upload-time = "2026-08-26T17:25:33.063Z" }
wheels = [
    { url = "https://files.pythonhosted.org/packages/1d/31/5f6450a7879f4f063ef08897cc385ea3ce3f1fe17f08b11e3fd959abdf27/websockets-17.1-cp313-cp313-macosx_10_13_universal2.whl", hash = "sha256:2a0162a6372110a5601cb5c9fd826635cedf69f3e110c545dd19774e040b970e", size = 217006, upload-time = "2026-08-26T14:56:10.509Z" },
    { url = "https://files.pythonhosted.org/packages/d0/2a/c1b006fc861695d2aa4e35327b842015ce1d98cf8f99241829b3d6460bfc/websockets-17.1-cp313-cp313-macosx_10_13_x86_64.whl", hash = "sha256:829dba1bc049779de9b332088c1a6a9858e96bd67e50b6b644a95e02b67836bc", size = 214690, upload-time = "2026-08-26T14:56:11.681Z" },
    { url = "https://files.pythonhosted.org/packages/46/69/66e5b7d01445e0eeb1d4ab419c30315f2c90cf7a8a8cd4ecc47f894dba54/websockets-17.1-cp313-cp313-macosx_11_0_arm64.whl", hash = "sha256:fd8f47dbf2e8adb15c847215f83436de3fdb120b51fdae0fbbdf69fd97a3ad80", size = 214947, upload-time = "2026-08-26T14:56:12.923Z" },
    { url = "https://files.pythonhosted.org/packages/07/ce/033cafe2d2538562efa876b9149a2c7a0f7787870a4b1bb6e28adc9ceb6b/websockets-17.1-cp313-cp313-manylinux1_i686.manylinux_2_28_i686.manylinux_2_5_i686.whl", hash = "sha256:9f4c0377a83e163a303514fdfab501dbe379bdc13e5b9312a91d112658b29dce", size = 224329, upload-time = "2026-08-26T14:56:14.212Z" },
    { url = "https://files.pythonhosted.org/packages/34/c7/e1c2e8a67f6cc0aa43abe0046fb3b7a020980649e6a843751dc7ce9eb170/websockets-17.1-cp313-cp313-manylinux1_x86_64.manylinux_2_28_x86_64.manylinux_2_5_x86_64.whl", hash = "sha256:c3241d684a76eaaef8b2dc789afde4343cd3aad55ea81e4e8ab3605b529bae51", size = 224611, upload-time = "2026-08-26T14:56:15.702Z" },
    { url = "https://files.pythonhosted.org/packages/be/de/07c6d48eb3d2069709410c851e7de10ab83d752c4bd09862899627c2729b/websockets-17.1-cp313-cp313-manylinux2014_aarch64.manylinux_2_17_aarch64.manylinux_2_28_aarch64.whl", hash = "sha256:e5f5c7a893507d0e83a80b88aefd6522f7e882cd53f9722c6f23f5a020c9557c", size = 225848, upload-time = "2026-08-26T14:56:16.962Z" },
    { url = "https://files.pythonhosted.org/packages/f3/dd/3c68572d20509648cc2fb6f50ccf3deeb4b87270f2c8966e99476e278ea3/websockets-17.1-cp313-cp313-manylinux2014_armv7l.manylinux_2_17_armv7l.manylinux_2_31_armv7l.whl", hash = "sha256:00bf34b64501e3477e81fc281532ff3cbf4da26633c10b63979d5085d46602d3", size = 227290, upload-time = "2026-08-26T14:56:18.204Z" },
    { url = "https://files.pythonhosted.org/packages/0a/4a/8f6651c8a22093539c9215af0c5bbf217b87b382c99d2112039b92d593c2/websockets-17.1-cp313-cp313-manylinux2014_ppc64le.manylinux_2_17_ppc64le.manylinux_2_28_ppc64le.whl", hash = "sha256:ce0305b702b20d1e1d60a9aaace6bc89970e1753565543f310d549eab22c2435", size = 226476, upload-time = "2026-08-26T14:56:19.459Z" },
    { url = "https://files.pythonhosted.org/packages/f5/be/f6fc33cea86b1127fd1297b18c107e81580ab55a73a39f9a934441ef321f/websockets-17.1-cp313-cp313-manylinux2014_s390x.manylinux_2_17_s390x.manylinux_2_28_s390x.whl", hash = "sha256:29176d8b429cfa0fa443c473878d37a5c06cfd0cb36b71ba4314accc71e05906", size = 225233, upload-time = "2026-08-26T14:56:20.939Z" },
    { url = "https://files.pythonhosted.org/packages/cb/83/65edaf05f7c9b1dea82f4d252fdc37706a84571646f06119a27b0a16fe19/websockets-17.1-cp313-cp313-manylinux_2_31_riscv64.manylinux_2_39_riscv64.whl", hash = "sha256:3709a1ab30b4b922027d22f68d2b61a0656a91680ac894a537624e6be7dd7f7c", size = 222488, upload-time = "2026-08-26T14:56:22.208Z" },
    { url = "https://files.pythonhosted.org/packages/07/42/d1169c2f7f1f0032b0d4b0c00f0711a070cd7c735de37bfeb876bc0f9606/websockets-17.1-cp313-cp313-musllinux_1_2_aarch64.whl", hash = "sha256:43bd0c1ceb924d67f5c1a5254d8361dd9d94246e6331a726064dfa2917880780", size = 225295, upload-time = "2026-08-26T14:56:23.445Z" },
    { url = "https://files.pythonhosted.org/packages/a6/f4/64e2a386c3899b917c2933225c9b47887874229d159797f3bf1a11c20d51/websockets-17.1-cp313-cp313-musllinux_1_2_armv7l.whl", hash = "sha256:1fce0f43e0d41422e0b2cad6561e1970df22f212f4c7e884967df7cf591b031c", size = 223891, upload-time = "2026-08-26T14:56:24.647Z" },
    { url = "https://files.pythonhosted.org/packages/26/b3/dfb5c482f7e310a3432fdbb045ddfe6d34114680e89a233d4ff900a32961/websockets-17.1-cp313-cp313-musllinux_1_2_i686.whl", hash = "sha256:4031152769179ab8dcdeafc7b0e58052a49117560a28671700b47b2c7b717aad", size = 224661, upload-time = "2026-08-26T14:56:26.027Z" },
    { url = "https://files.pythonhosted.org/packages/a4/cf/94865130a336029f46412adc127c4fbe380f46172b90ce251369e35c4302/websockets-17.1-cp313-cp313-musllinux_1_2_ppc64le.whl", hash = "sha256:a06f3b5085176763182449559e20391d7ce616a8972a9f7a33deda87ea6d4f3c", size = 225766, upload-time = "2026-08-26T14:56:27.455Z" },
    { url = "https://files.pythonhosted.org/packages/96/34/eb8c658f86dfe562ed49a887a27424bfe9e618c26ea6f865b093d075d3a6/websockets-17.1-cp313-cp313-musllinux_1_2_riscv64.whl", hash = "sha256:77b37cceca17291897c3c73bd30a7c7c7909593554b5da574ec852af83c1742a", size = 223323, upload-time = "2026-08-26T14:56:28.807Z" },
    { url = "https://files.pythonhosted.org/packages/1b/7e/2629609652ece5ca0c7ac235927dd4511b08131e3a5d53439b798fddf002/websockets-17.1-cp313-cp313-musllinux_1_2_s390x.whl", hash = "sha256:d8e83333385cac6030a5167fd18bf96cc6c58b914c308e683f05b0cf94bc8dd0", size = 224276, upload-time = "2026-08-26T14:56:29.991Z" },
    { url = "https://files.pythonhosted.org/packages/a1/6b/8525737fe840b38e5f40956c198fb586a4fac1e07144d41a5b949b989cf8/websockets-17.1-cp313-cp313-musllinux_1_2_x86_64.whl", hash = "sha256:073c5c3f7e127041fa9d34a9e29ceefee8c3cafbd267ed2927318f425144380d", size = 224558, upload-time = "2026-08-26T14:56:31.184Z" },
    { url = "https://files.pythonhosted.org/packages/74/ab/3a958c6cbcf74b118f601c20a80ac8bd5e8dfec0bcf7345116feaeefb121/websockets-17.1-cp313-cp313-win32.whl", hash = "sha256:2afb58c7ba48b329d56769f8dfd89f394efe587b65ef806bae810a484d6d3608", size = 217475, upload-time = "2026-08-26T14:56:32.431Z" },
    { url = "https://files.pythonhosted.org/packages/22/36/fb521f0f2994c25509651f169efe5582dddd8713d57a0757ba87859372ef/websockets-17.1-cp313-cp313-win_amd64.whl", hash = "sha256:0340bbef6bfbe16da888b3983d666a4db4954ac3253c38f13bc7aba0c7db5a2f", size = 217784, upload-time = "2026-08-26T14:56:33.608Z" },
    { url = "https://files.pythonhosted.org/packages/68/92/9b8419584681a12a7534b746dfb2737c466efe2455483e2fbf8b941a04ec/websockets-17.1-cp313-cp313-win_arm64.whl", hash = "sha256:7a72efa3bf4fa3a6669a54420a472ad056da3973d827f10e3a536da463f926c2", size = 217715, upload-time = "2026-08-26T14:56:34.865Z" },
    { url = "https://files.pythonhosted.org/packages/41/63/23572870e01836a98346075b9e17a8bc24a6ddd9800a3204ceee58677f3c/websockets-17.1-py3-none-any.whl", hash = "sha256:f221081107b8c48184d99f7019604486376e7ef826037e70aad6b02540732c23", size = 211134, upload-time = "2026-08-26T17:25:31.397Z" },
]
